
Microsoft Visual Studio Solution File, Format Version 12.00
# Visual Studio 15
VisualStudioVersion = 15.0.28016.0
MinimumVisualStudioVersion = 10.0.40219.1
Project("{8BC9CEB8-8B4A-11D0-8D11-00A0C91BC942}") = "SudokuGenerator", "SudokuGenerator\SudokuGenerator.vcxproj", "{40774011-3141-4E6D-B5B5-472851A9FF4F}"
EndProject
Global
	GlobalSection(SolutionConfigurationPlatforms) = preSolution
		Debug|x64 = Debug|x64
		Debug|x86 = Debug|x86
		Release|x64 = Release|x64
		Release|x86 = Release|x86
	EndGlobalSection
	GlobalSection(ProjectConfigurationPlatforms) = postSolution
		{40774011-3141-4E6D-B5B5-472851A9FF4F}.Debug|x64.ActiveCfg = Debug|x64
		{40774011-3141-4E6D-B5B5-472851A9FF4F}.Debug|x64.Build.0 = Debug|x64
		{40774011-3141-4E6D-B5B5-472851A9FF4F}.Debug|x86.ActiveCfg = Debug|Win32
		{40774011-3141-4E6D-B5B5-472851A9FF4F}.Debug|x86.Build.0 = Debug|Win32
		{40774011-3141-4E6D-B5B5-472851A9FF4F}.Release|x64.ActiveCfg = Release|x64
		{40774011-3141-4E6D-B5B5-472851A9FF4F}.Release|x64.Build.0 = Release|x64
		{40774011-3141-4E6D-B5B5-472851A9FF4F}.Release|x86.ActiveCfg = Release|Win32
		{40774011-3141-4E6D-B5B5-472851A9FF4F}.Release|x86.Build.0 = Release|Win32
	EndGlobalSection
	GlobalSection(SolutionProperties) = preSolution
		HideSolutionNode = FALSE
	EndGlobalSection
	GlobalSection(ExtensibilityGlobals) = postSolution
		SolutionGuid = {C00B8697-ADE9-44AE-B116-BDFF2CE00651}
	EndGlobalSection
EndGlobal
